
Microsoft Visual Studio Solution File, Format Version 12.00
# Visual Studio Version 17
VisualStudioVersion = 17.12.35506.116 d17.12
MinimumVisualStudioVersion = 10.0.40219.1
Project("{FAE04EC0-301F-11D3-BF4B-00C04F79EFBC}") = "Calculator", "Calculator\Calculator.csproj", "{3C49398B-4D2E-4198-A6EB-90F1E4D7F787}"
EndProject
Project("{FAE04EC0-301F-11D3-BF4B-00C04F79EFBC}") = "Calc_DependencyInjection", "Calc_DependencyInjection\Calc_DependencyInjection.csproj", "{264FB0BC-267E-4C34-B752-9C743FBAC2B8}"
EndProject
Global
	GlobalSection(SolutionConfigurationPlatforms) = preSolution
		Debug|Any CPU = Debug|Any CPU
		Release|Any CPU = Release|Any CPU
	EndGlobalSection
	GlobalSection(ProjectConfigurationPlatforms) = postSolution
		{3C49398B-4D2E-4198-A6EB-90F1E4D7F787}.Debug|Any CPU.ActiveCfg = Debug|Any CPU
		{3C49398B-4D2E-4198-A6EB-90F1E4D7F787}.Debug|Any CPU.Build.0 = Debug|Any CPU
		{3C49398B-4D2E-4198-A6EB-90F1E4D7F787}.Release|Any CPU.ActiveCfg = Release|Any CPU
		{3C49398B-4D2E-4198-A6EB-90F1E4D7F787}.Release|Any CPU.Build.0 = Release|Any CPU
		{264FB0BC-267E-4C34-B752-9C743FBAC2B8}.Debug|Any CPU.ActiveCfg = Debug|Any CPU
		{264FB0BC-267E-4C34-B752-9C743FBAC2B8}.Debug|Any CPU.Build.0 = Debug|Any CPU
		{264FB0BC-267E-4C34-B752-9C743FBAC2B8}.Release|Any CPU.ActiveCfg = Release|Any CPU
		{264FB0BC-267E-4C34-B752-9C743FBAC2B8}.Release|Any CPU.Build.0 = Release|Any CPU
	EndGlobalSection
	GlobalSection(SolutionProperties) = preSolution
		HideSolutionNode = FALSE
	EndGlobalSection
EndGlobal
